
Microsoft Visual Studio Solution File, Format Version 12.00
# Visual Studio Version 16
VisualStudioVersion = 16.0.29519.87
MinimumVisualStudioVersion = 10.0.40219.1
Project("{2150E333-8FDC-42A3-9474-1A3956D46DE8}") = "Device", "Device", "{41A77163-22B1-4E24-A213-354029E3DEFA}"
EndProject
Project("{9A19103F-16F7-4668-BE54-9A1E7A4F7556}") = "Csharp.Device", "Device\Csharp.Device\Csharp.Device.csproj", "{9D4A1681-EAB9-40F7-9D87-FE55AA2CC262}"
EndProject
Global
	GlobalSection(SolutionConfigurationPlatforms) = preSolution
		Debug|Any CPU = Debug|Any CPU
		Release|Any CPU = Release|Any CPU
	EndGlobalSection
	GlobalSection(ProjectConfigurationPlatforms) = postSolution
		{9D4A1681-EAB9-40F7-9D87-FE55AA2CC262}.Debug|Any CPU.ActiveCfg = Debug|Any CPU
		{9D4A1681-EAB9-40F7-9D87-FE55AA2CC262}.Debug|Any CPU.Build.0 = Debug|Any CPU
		{9D4A1681-EAB9-40F7-9D87-FE55AA2CC262}.Release|Any CPU.ActiveCfg = Release|Any CPU
		{9D4A1681-EAB9-40F7-9D87-FE55AA2CC262}.Release|Any CPU.Build.0 = Release|Any CPU
	EndGlobalSection
	GlobalSection(SolutionProperties) = preSolution
		HideSolutionNode = FALSE
	EndGlobalSection
	GlobalSection(NestedProjects) = preSolution
		{9D4A1681-EAB9-40F7-9D87-FE55AA2CC262} = {41A77163-22B1-4E24-A213-354029E3DEFA}
	EndGlobalSection
	GlobalSection(ExtensibilityGlobals) = postSolution
		SolutionGuid = {8E5D41AC-F3B0-47EB-AE43-0FEC3E220EEA}
	EndGlobalSection
EndGlobal
